Microsoft Visual Studio Solution File, Format Version 12.00
# Visual Studio Version 17
VisualStudioVersion = 17.0.31912.275
MinimumVisualStudioVersion = 10.0.40219.1
Project("{FAE04EC0-301F-11D3-BF4B-00C04F79EFBC}") = "TiendaPapeleria", "TiendaPapeleria\TiendaPapeleria.csproj", "{B3A7C221-8F51-4B5A-9E04-7B25F8E48774}"
EndProject
Global
GlobalSection(SolutionConfigurationPlatforms) = preSolution
Debug|Any CPU = Debug|Any CPU
Release|Any CPU = Release|Any CPU
EndGlobalSection
GlobalSection(ProjectConfigurationPlatforms) = postSolution
{B3A7C221-8F51-4B5A-9E04-7B25F8E48774}.Debug|Any CPU.ActiveCfg = Debug|Any CPU
{B3A7C221-8F51-4B5A-9E04-7B25F8E48774}.Debug|Any CPU.Build.0 = Debug|Any CPU
{B3A7C221-8F51-4B5A-9E04-7B25F8E48774}.Release|Any CPU.ActiveCfg = Release|Any CPU
{B3A7C221-8F51-4B5A-9E04-7B25F8E48774}.Release|Any CPU.Build.0 = Release|Any CPU
EndGlobalSection
GlobalSection(SolutionProperties) = preSolution
HideSolutionNode = FALSE
EndGlobalSection
EndGlobal
